
Microsoft Visual Studio Solution File, Format Version 12.00
# Visual Studio Version 16
VisualStudioVersion = 16.0.31702.278
MinimumVisualStudioVersion = 10.0.40219.1
Project("{9A19103F-16F7-4668-BE54-9A1E7A4F7556}") = "MyToDo", "MyToDo\MyToDo.csproj", "{6249E977-A224-47F5-B639-33D8C65FA72F}"
EndProject
Project("{9A19103F-16F7-4668-BE54-9A1E7A4F7556}") = "MyToDo.Api", "MyToDo.Api\MyToDo.Api.csproj", "{CBB790F6-1C7A-4919-8AB2-4C180D9D58AB}"
EndProject
Project("{FAE04EC0-301F-11D3-BF4B-00C04F79EFBC}") = "MyToDo.Shared", "MyToDo.Shared\MyToDo.Shared.csproj", "{CDEB7A10-A850-42CC-B700-FFB4A2CE7B30}"
EndProject
Global
	GlobalSection(SolutionConfigurationPlatforms) = preSolution
		Debug|Any CPU = Debug|Any CPU
		Release|Any CPU = Release|Any CPU
	EndGlobalSection
	GlobalSection(ProjectConfigurationPlatforms) = postSolution
		{6249E977-A224-47F5-B639-33D8C65FA72F}.Debug|Any CPU.ActiveCfg = Debug|Any CPU
		{6249E977-A224-47F5-B639-33D8C65FA72F}.Debug|Any CPU.Build.0 = Debug|Any CPU
		{6249E977-A224-47F5-B639-33D8C65FA72F}.Release|Any CPU.ActiveCfg = Release|Any CPU
		{6249E977-A224-47F5-B639-33D8C65FA72F}.Release|Any CPU.Build.0 = Release|Any CPU
		{CBB790F6-1C7A-4919-8AB2-4C180D9D58AB}.Debug|Any CPU.ActiveCfg = Debug|Any CPU
		{CBB790F6-1C7A-4919-8AB2-4C180D9D58AB}.Debug|Any CPU.Build.0 = Debug|Any CPU
		{CBB790F6-1C7A-4919-8AB2-4C180D9D58AB}.Release|Any CPU.ActiveCfg = Release|Any CPU
		{CBB790F6-1C7A-4919-8AB2-4C180D9D58AB}.Release|Any CPU.Build.0 = Release|Any CPU
		{CDEB7A10-A850-42CC-B700-FFB4A2CE7B30}.Debug|Any CPU.ActiveCfg = Debug|Any CPU
		{CDEB7A10-A850-42CC-B700-FFB4A2CE7B30}.Debug|Any CPU.Build.0 = Debug|Any CPU
		{CDEB7A10-A850-42CC-B700-FFB4A2CE7B30}.Release|Any CPU.ActiveCfg = Release|Any CPU
		{CDEB7A10-A850-42CC-B700-FFB4A2CE7B30}.Release|Any CPU.Build.0 = Release|Any CPU
	EndGlobalSection
	GlobalSection(SolutionProperties) = preSolution
		HideSolutionNode = FALSE
	EndGlobalSection
	GlobalSection(ExtensibilityGlobals) = postSolution
		SolutionGuid = {065EF844-BAB0-4E3D-B207-309EE10DC686}
	EndGlobalSection
EndGlobal
